
Microsoft Visual Studio Solution File, Format Version 12.00
# Visual Studio Version 17
VisualStudioVersion = 17.7.33711.374
MinimumVisualStudioVersion = 10.0.40219.1
Project("{9A19103F-16F7-4668-BE54-9A1E7A4F7556}") = "SaintGearForcePlugin", "SaintGearForcePlugin.csproj", "{F4682066-AA29-47F0-A39A-2179A1CEA28D}"
EndProject
Global
	GlobalSection(SolutionConfigurationPlatforms) = preSolution
		Debug|Any CPU = Debug|Any CPU
		Release|Any CPU = Release|Any CPU
	EndGlobalSection
	GlobalSection(ProjectConfigurationPlatforms) = postSolution
		{F4682066-AA29-47F0-A39A-2179A1CEA28D}.Debug|Any CPU.ActiveCfg = Debug|Any CPU
		{F4682066-AA29-47F0-A39A-2179A1CEA28D}.Debug|Any CPU.Build.0 = Debug|Any CPU
		{F4682066-AA29-47F0-A39A-2179A1CEA28D}.Release|Any CPU.ActiveCfg = Release|Any CPU
		{F4682066-AA29-47F0-A39A-2179A1CEA28D}.Release|Any CPU.Build.0 = Release|Any CPU
	EndGlobalSection
	GlobalSection(SolutionProperties) = preSolution
		HideSolutionNode = FALSE
	EndGlobalSection
	GlobalSection(ExtensibilityGlobals) = postSolution
		SolutionGuid = {FD960EB8-48A4-40DC-B8E6-338FEE9DEABF}
	EndGlobalSection
EndGlobal
